{
  "name": "pqxdh",
  "version": "1.0.0",
  "lockfileVersion": 3,
  "requires": true,
  "packages": {
    "": {
      "name": "pqxdh",
      "version": "1.0.0",
      "license": "ISC",
      "dependencies": {
        "@noble/curves": "^1.8.1",
        "@noble/hashes": "^1.7.1",
        "@types/crypto-js": "^4.1.1",
        "@types/node": "^20.11.24",
        "crypto-js": "^4.2.0",
        "mlkem": "^1.0.0",
        "typescript": "^5.3.3"
      }
    },
    "node_modules/@noble/curves": {
      "version": "1.8.1",
      "resolved": "https://registry.npmjs.org/@noble/curves/-/curves-1.8.1.tgz",
      "integrity": "sha512-warwspo+UYUPep0Q+vtdVB4Ugn8GGQj8iyB3gnRWsztmUHTI3S1nhdiWNsPUGL0vud7JlRRk1XEu7Lq1KGTnMQ==",
      "license": "MIT",
      "dependencies": {
        "@noble/hashes": "1.7.1"
      },
      "engines": {
        "node": "^14.21.3 || >=16"
      },
      "funding": {
        "url": "https://paulmillr.com/funding/"
      }
    },
    "node_modules/@noble/hashes": {
      "version": "1.7.1",
      "resolved": "https://registry.npmjs.org/@noble/hashes/-/hashes-1.7.1.tgz",
      "integrity": "sha512-B8XBPsn4vT/KJAGqDzbwztd+6Yte3P4V7iafm24bxgDe/mlRuK6xmWPuCNrKt2vDafZ8MfJLlchDG/vYafQEjQ==",
      "license": "MIT",
      "engines": {
        "node": "^14.21.3 || >=16"
      },
      "funding": {
        "url": "https://paulmillr.com/funding/"
      }
    },
    "node_modules/@types/crypto-js": {
      "version": "4.2.2",
      "resolved": "https://registry.npmjs.org/@types/crypto-js/-/crypto-js-4.2.2.tgz",
      "integrity": "sha512-sDOLlVbHhXpAUAL0YHDUUwDZf3iN4Bwi4W6a0W0b+QcAezUbRtH4FVb+9J4h+XFPW7l/gQ9F8qC7P+Ec4k8QVQ==",
      "license": "MIT"
    },
    "node_modules/@types/node": {
      "version": "20.17.30",
      "resolved": "https://registry.npmjs.org/@types/node/-/node-20.17.30.tgz",
      "integrity": "sha512-7zf4YyHA+jvBNfVrk2Gtvs6x7E8V+YDW05bNfG2XkWDJfYRXrTiP/DsB2zSYTaHX0bGIujTBQdMVAhb+j7mwpg==",
      "license": "MIT",
      "dependencies": {
        "undici-types": "~6.19.2"
      }
    },
    "node_modules/crypto-js": {
      "version": "4.2.0",
      "resolved": "https://registry.npmjs.org/crypto-js/-/crypto-js-4.2.0.tgz",
      "integrity": "sha512-KALDyEYgpY+Rlob/iriUtjV6d5Eq+Y191A5g4UqLAi8CyGP9N1+FdVbkc1SxKc2r4YAYqG8JzO2KGL+AizD70Q==",
      "license": "MIT"
    },
    "node_modules/mlkem": {
      "version": "1.1.2",
      "resolved": "https://registry.npmjs.org/mlkem/-/mlkem-1.1.2.tgz",
      "integrity": "sha512-cQVHgsybPm/nYy15dgojmWR2TK7ZDAMH6oGlB+7hNpTK99oWMC3rohUUKt74GQT8Uf5hkSls5XHTEXXdvKuDyg==",
      "license": "MIT",
      "dependencies": {
        "@noble/hashes": "^1.5.0"
      },
      "engines": {
        "node": ">=16.0.0"
      }
    },
    "node_modules/typescript": {
      "version": "5.8.3",
      "resolved": "https://registry.npmjs.org/typescript/-/typescript-5.8.3.tgz",
      "integrity": "sha512-p1diW6TqL9L07nNxvRMM7hMMw4c5XOo/1ibL4aAIGmSAt9slTE1Xgw5KWuof2uTOvCg9BY7ZRi+GaF+7sfgPeQ==",
      "license": "Apache-2.0",
      "bin": {
        "tsc": "bin/tsc",
        "tsserver": "bin/tsserver"
      },
      "engines": {
        "node": ">=14.17"
      }
    },
    "node_modules/undici-types": {
      "version": "6.19.8",
      "resolved": "https://registry.npmjs.org/undici-types/-/undici-types-6.19.8.tgz",
      "integrity": "sha512-ve2KP6f/JnbPBFyobGHuerC9g1FYGn/F8n1LWTwNxCEzd6IfqTwUQcNXgEtmmQ6DlRrC1hrSrBnCZPokRrDHjw==",
      "license": "MIT"
    }
  }
}
